// !$*UTF8*$!
{
	archiveVersion = 1;
	classes = {
	};
	objectVersion = 55;
	objects = {

/* Begin PBXBuildFile section */
		1E4CDD46D42A8E5C1187B010 /* Pods_ModelVale.framework in Frameworks */ = {isa = PBXBuildFile; fileRef = 45BCAC78F11EFE2C43042A2E /* Pods_ModelVale.framework */; };
		45DC8A116154DE4F9D523287 /* Pods_ModelVale_ModelValeUITests.framework in Frameworks */ = {isa = PBXBuildFile; fileRef = D9568465BF07D23495F84A91 /* Pods_ModelVale_ModelValeUITests.framework */; };
		8638BAAAD53D8B35B5595295 /* Pods_ModelValeTests.framework in Frameworks */ = {isa = PBXBuildFile; fileRef = F2CE161195256D3EF42598EA /* Pods_ModelValeTests.framework */; };
		9C0759342884D240005493D1 /* DropDownTextField.swift in Sources */ = {isa = PBXBuildFile; fileRef = 9C0759332884D240005493D1 /* DropDownTextField.swift */; };
		9C28EF8328877E4E00CE0F2D /* XPCluster.m in Sources */ = {isa = PBXBuildFile; fileRef = 9C28EF8228877E4E00CE0F2D /* XPCluster.m */; };
		9C28EF862887897F00CE0F2D /* XP.m in Sources */ = {isa = PBXBuildFile; fileRef = 9C28EF852887897F00CE0F2D /* XP.m */; };
		9C623CC5288743BB00264F50 /* Keys.plist in Resources */ = {isa = PBXBuildFile; fileRef = 9C623CC4288743BB00264F50 /* Keys.plist */; };
		9C69F7262878A8680001F608 /* AddDataCell.m in Sources */ = {isa = PBXBuildFile; fileRef = 9C69F7252878A8680001F608 /* AddDataCell.m */; };
		9C69F7282878D35A0001F608 /* Stats.storyboard in Resources */ = {isa = PBXBuildFile; fileRef = 9C69F7272878D35A0001F608 /* Stats.storyboard */; };
		9C69F72B287CA94B0001F608 /* UserDataCell.m in Sources */ = {isa = PBXBuildFile; fileRef = 9C69F72A287CA94B0001F608 /* UserDataCell.m */; };
		9C69F72E287CAB970001F608 /* UserDataSectionHeader.m in Sources */ = {isa = PBXBuildFile; fileRef = 9C69F72D287CAB970001F608 /* UserDataSectionHeader.m */; };
		9C69F732287CAFDE0001F608 /* ModelData.m in Sources */ = {isa = PBXBuildFile; fileRef = 9C69F731287CAFDE0001F608 /* ModelData.m */; };
		9C69F735287CCFC50001F608 /* ModelLabel.m in Sources */ = {isa = PBXBuildFile; fileRef = 9C69F734287CCFC40001F608 /* ModelLabel.m */; };
		9C69F738287DF38E0001F608 /* TestTrainEnum.m in Sources */ = {isa = PBXBuildFile; fileRef = 9C69F737287DF38E0001F608 /* TestTrainEnum.m */; };
		9C69F73F287E4DD50001F608 /* TrainBatchData.m in Sources */ = {isa = PBXBuildFile; fileRef = 9C69F73E287E4DD50001F608 /* TrainBatchData.m */; };
		9C74E50E28725799003FFFF7 /* AppDelegate.m in Sources */ = {isa = PBXBuildFile; fileRef = 9C74E50D28725799003FFFF7 /* AppDelegate.m */; };
		9C74E51128725799003FFFF7 /* SceneDelegate.m in Sources */ = {isa = PBXBuildFile; fileRef = 9C74E51028725799003FFFF7 /* SceneDelegate.m */; };
		9C74E51728725799003FFFF7 /* Main.storyboard in Resources */ = {isa = PBXBuildFile; fileRef = 9C74E51528725799003FFFF7 /* Main.storyboard */; };
		9C74E5192872579A003FFFF7 /* Assets.xcassets in Resources */ = {isa = PBXBuildFile; fileRef = 9C74E5182872579A003FFFF7 /* Assets.xcassets */; };
		9C74E51C2872579A003FFFF7 /* LaunchScreen.storyboard in Resources */ = {isa = PBXBuildFile; fileRef = 9C74E51A2872579A003FFFF7 /* LaunchScreen.storyboard */; };
		9C74E51F2872579A003FFFF7 /* main.m in Sources */ = {isa = PBXBuildFile; fileRef = 9C74E51E2872579A003FFFF7 /* main.m */; };
		9C74E5292872579B003FFFF7 /* ModelValeTests.m in Sources */ = {isa = PBXBuildFile; fileRef = 9C74E5282872579B003FFFF7 /* ModelValeTests.m */; };
		9C74E5332872579B003FFFF7 /* ModelValeUITests.m in Sources */ = {isa = PBXBuildFile; fileRef = 9C74E5322872579B003FFFF7 /* ModelValeUITests.m */; };
		9C74E5352872579B003FFFF7 /* ModelValeUITestsLaunchTests.m in Sources */ = {isa = PBXBuildFile; fileRef = 9C74E5342872579B003FFFF7 /* ModelValeUITestsLaunchTests.m */; };
		9C74E54428736D12003FFFF7 /* ModelViewController.m in Sources */ = {isa = PBXBuildFile; fileRef = 9C74E54328736D12003FFFF7 /* ModelViewController.m */; };
		9C74E54728736D7B003FFFF7 /* StatsViewController.m in Sources */ = {isa = PBXBuildFile; fileRef = 9C74E54628736D7B003FFFF7 /* StatsViewController.m */; };
		9C74E54928736D9E003FFFF7 /* Login.storyboard in Resources */ = {isa = PBXBuildFile; fileRef = 9C74E54828736D9E003FFFF7 /* Login.storyboard */; };
		9C74E54C28736DBD003FFFF7 /* LoginViewController.m in Sources */ = {isa = PBXBuildFile; fileRef = 9C74E54B28736DBD003FFFF7 /* LoginViewController.m */; };
		9C74E54F28736DED003FFFF7 /* RegisterViewController.m in Sources */ = {isa = PBXBuildFile; fileRef = 9C74E54E28736DED003FFFF7 /* RegisterViewController.m */; };
		9CADD488288F661800C1C6F4 /* StarterModels.m in Sources */ = {isa = PBXBuildFile; fileRef = 9CADD486288F661800C1C6F4 /* StarterModels.m */; };
		9CADD48A289213DA00C1C6F4 /* GoogleService-Info.plist in Resources */ = {isa = PBXBuildFile; fileRef = 9CADD489289213DA00C1C6F4 /* GoogleService-Info.plist */; };
		9CADD49928922A8E00C1C6F4 /* User.m in Sources */ = {isa = PBXBuildFile; fileRef = 9CADD49828922A8E00C1C6F4 /* User.m */; };
		9CADD4A12893663300C1C6F4 /* FirebaseAuthViewController.m in Sources */ = {isa = PBXBuildFile; fileRef = 9CADD4A02893663300C1C6F4 /* FirebaseAuthViewController.m */; };
		9CB423FF287F9A00001525FA /* SqueezeNetInt8LUT.mlmodel in Sources */ = {isa = PBXBuildFile; fileRef = 9CB423FE287F9A00001525FA /* SqueezeNetInt8LUT.mlmodel */; };
		9CB42403287F9C6B001525FA /* UpdatableSqueezeNet.mlmodel in Sources */ = {isa = PBXBuildFile; fileRef = 9CB42402287F9C6B001525FA /* UpdatableSqueezeNet.mlmodel */; };
		9CB79C0E2874F21800F67E1C /* UIViewController+PresentError.m in Sources */ = {isa = PBXBuildFile; fileRef = 9CB79C0C2874F21700F67E1C /* UIViewController+PresentError.m */; };
		9CB79C1528775C7900F67E1C /* TestViewController.m in Sources */ = {isa = PBXBuildFile; fileRef = 9CB79C1428775C7900F67E1C /* TestViewController.m */; };
		9CB79C1828775C8A00F67E1C /* RetrainViewController.m in Sources */ = {isa = PBXBuildFile; fileRef = 9CB79C1728775C8A00F67E1C /* RetrainViewController.m */; };
		9CB79C1B28775C9800F67E1C /* DataViewController.m in Sources */ = {isa = PBXBuildFile; fileRef = 9CB79C1A28775C9800F67E1C /* DataViewController.m */; };
		9CB79C1E28775CB400F67E1C /* AddDataViewController.m in Sources */ = {isa = PBXBuildFile; fileRef = 9CB79C1D28775CB400F67E1C /* AddDataViewController.m */; };
		9CEEE36E2880D06900548963 /* AvatarMLModel.m in Sources */ = {isa = PBXBuildFile; fileRef = 9CEEE36D2880D06900548963 /* AvatarMLModel.m */; };
		9CEEE3712880D71600548963 /* HealthBarView.m in Sources */ = {isa = PBXBuildFile; fileRef = 9CEEE3702880D71600548963 /* HealthBarView.m */; };
/* End PBXBuildFile section */

/* Begin PBXContainerItemProxy section */
		9C74E5252872579B003FFFF7 /* PBXContainerItemProxy */ = {
			isa = PBXContainerItemProxy;
			containerPortal = 9C74E50128725799003FFFF7 /* Project object */;
			proxyType = 1;
			remoteGlobalIDString = 9C74E50828725799003FFFF7;
			remoteInfo = ModelVale;
		};
		9C74E52F2872579B003FFFF7 /* PBXContainerItemProxy */ = {
			isa = PBXContainerItemProxy;
			containerPortal = 9C74E50128725799003FFFF7 /* Project object */;
			proxyType = 1;
			remoteGlobalIDString = 9C74E50828725799003FFFF7;
			remoteInfo = ModelVale;
		};
/* End PBXContainerItemProxy section */

/* Begin PBXFileReference section */
		2D82A33E6CDF4298D17BA9C2 /* Pods-ModelVale-ModelValeUITests.release.xcconfig */ = {isa = PBXFileReference; includeInIndex = 1; lastKnownFileType = text.xcconfig; name = "Pods-ModelVale-ModelValeUITests.release.xcconfig"; path = "Target Support Files/Pods-ModelVale-ModelValeUITests/Pods-ModelVale-ModelValeUITests.release.xcconfig"; sourceTree = "<group>"; };
		31568583B6BC37C16B9F5DB3 /* Pods-ModelVale.debug.xcconfig */ = {isa = PBXFileReference; includeInIndex = 1; lastKnownFileType = text.xcconfig; name = "Pods-ModelVale.debug.xcconfig"; path = "Target Support Files/Pods-ModelVale/Pods-ModelVale.debug.xcconfig"; sourceTree = "<group>"; };
		4113CE6811CA17B0B8B2B402 /* Pods-ModelVale.release.xcconfig */ = {isa = PBXFileReference; includeInIndex = 1; lastKnownFileType = text.xcconfig; name = "Pods-ModelVale.release.xcconfig"; path = "Target Support Files/Pods-ModelVale/Pods-ModelVale.release.xcconfig"; sourceTree = "<group>"; };
		45BCAC78F11EFE2C43042A2E /* Pods_ModelVale.framework */ = {isa = PBXFileReference; explicitFileType = wrapper.framework; includeInIndex = 0; path = Pods_ModelVale.framework; sourceTree = BUILT_PRODUCTS_DIR; };
		82CCEE7F27B11B5A4BEB53E8 /* Pods-ModelValeTests.debug.xcconfig */ = {isa = PBXFileReference; includeInIndex = 1; lastKnownFileType = text.xcconfig; name = "Pods-ModelValeTests.debug.xcconfig"; path = "Target Support Files/Pods-ModelValeTests/Pods-ModelValeTests.debug.xcconfig"; sourceTree = "<group>"; };
		9C0759332884D240005493D1 /* DropDownTextField.swift */ = {isa = PBXFileReference; lastKnownFileType = sourcecode.swift; path = DropDownTextField.swift; sourceTree = "<group>"; };
		9C28EF8128877E4E00CE0F2D /* XPCluster.h */ = {isa = PBXFileReference; lastKnownFileType = sourcecode.c.h; path = XPCluster.h; sourceTree = "<group>"; };
		9C28EF8228877E4E00CE0F2D /* XPCluster.m */ = {isa = PBXFileReference; lastKnownFileType = sourcecode.c.objc; path = XPCluster.m; sourceTree = "<group>"; };
		9C28EF842887897F00CE0F2D /* XP.h */ = {isa = PBXFileReference; lastKnownFileType = sourcecode.c.h; path = XP.h; sourceTree = "<group>"; };
		9C28EF852887897F00CE0F2D /* XP.m */ = {isa = PBXFileReference; lastKnownFileType = sourcecode.c.objc; path = XP.m; sourceTree = "<group>"; };
		9C623CC4288743BB00264F50 /* Keys.plist */ = {isa = PBXFileReference; lastKnownFileType = text.plist.xml; path = Keys.plist; sourceTree = "<group>"; };
		9C69F7242878A8680001F608 /* AddDataCell.h */ = {isa = PBXFileReference; lastKnownFileType = sourcecode.c.h; path = AddDataCell.h; sourceTree = "<group>"; };
		9C69F7252878A8680001F608 /* AddDataCell.m */ = {isa = PBXFileReference; lastKnownFileType = sourcecode.c.objc; path = AddDataCell.m; sourceTree = "<group>"; };
		9C69F7272878D35A0001F608 /* Stats.storyboard */ = {isa = PBXFileReference; lastKnownFileType = file.storyboard; path = Stats.storyboard; sourceTree = "<group>"; };
		9C69F729287CA94B0001F608 /* UserDataCell.h */ = {isa = PBXFileReference; lastKnownFileType = sourcecode.c.h; path = UserDataCell.h; sourceTree = "<group>"; };
		9C69F72A287CA94B0001F608 /* UserDataCell.m */ = {isa = PBXFileReference; lastKnownFileType = sourcecode.c.objc; path = UserDataCell.m; sourceTree = "<group>"; };
		9C69F72C287CAB970001F608 /* UserDataSectionHeader.h */ = {isa = PBXFileReference; lastKnownFileType = sourcecode.c.h; path = UserDataSectionHeader.h; sourceTree = "<group>"; };
		9C69F72D287CAB970001F608 /* UserDataSectionHeader.m */ = {isa = PBXFileReference; lastKnownFileType = sourcecode.c.objc; path = UserDataSectionHeader.m; sourceTree = "<group>"; };
		9C69F730287CAFDE0001F608 /* ModelData.h */ = {isa = PBXFileReference; lastKnownFileType = sourcecode.c.h; path = ModelData.h; sourceTree = "<group>"; };
		9C69F731287CAFDE0001F608 /* ModelData.m */ = {isa = PBXFileReference; lastKnownFileType = sourcecode.c.objc; path = ModelData.m; sourceTree = "<group>"; };
		9C69F733287CCFC40001F608 /* ModelLabel.h */ = {isa = PBXFileReference; lastKnownFileType = sourcecode.c.h; path = ModelLabel.h; sourceTree = "<group>"; };
		9C69F734287CCFC40001F608 /* ModelLabel.m */ = {isa = PBXFileReference; lastKnownFileType = sourcecode.c.objc; path = ModelLabel.m; sourceTree = "<group>"; };
		9C69F736287CD85B0001F608 /* TestTrainEnum.h */ = {isa = PBXFileReference; lastKnownFileType = sourcecode.c.h; path = TestTrainEnum.h; sourceTree = "<group>"; };
		9C69F737287DF38E0001F608 /* TestTrainEnum.m */ = {isa = PBXFileReference; lastKnownFileType = sourcecode.c.objc; path = TestTrainEnum.m; sourceTree = "<group>"; };
		9C69F73D287E4DD50001F608 /* TrainBatchData.h */ = {isa = PBXFileReference; lastKnownFileType = sourcecode.c.h; path = TrainBatchData.h; sourceTree = "<group>"; };
		9C69F73E287E4DD50001F608 /* TrainBatchData.m */ = {isa = PBXFileReference; lastKnownFileType = sourcecode.c.objc; path = TrainBatchData.m; sourceTree = "<group>"; };
		9C74E50928725799003FFFF7 /* ModelVale.app */ = {isa = PBXFileReference; explicitFileType = wrapper.application; includeInIndex = 0; path = ModelVale.app; sourceTree = BUILT_PRODUCTS_DIR; };
		9C74E50C28725799003FFFF7 /* AppDelegate.h */ = {isa = PBXFileReference; lastKnownFileType = sourcecode.c.h; path = AppDelegate.h; sourceTree = "<group>"; };
		9C74E50D28725799003FFFF7 /* AppDelegate.m */ = {isa = PBXFileReference; lastKnownFileType = sourcecode.c.objc; path = AppDelegate.m; sourceTree = "<group>"; };
		9C74E50F28725799003FFFF7 /* SceneDelegate.h */ = {isa = PBXFileReference; lastKnownFileType = sourcecode.c.h; path = SceneDelegate.h; sourceTree = "<group>"; };
		9C74E51028725799003FFFF7 /* SceneDelegate.m */ = {isa = PBXFileReference; lastKnownFileType = sourcecode.c.objc; path = SceneDelegate.m; sourceTree = "<group>"; };
		9C74E51628725799003FFFF7 /* Base */ = {isa = PBXFileReference; lastKnownFileType = file.storyboard; name = Base; path = Base.lproj/Main.storyboard; sourceTree = "<group>"; };
		9C74E5182872579A003FFFF7 /* Assets.xcassets */ = {isa = PBXFileReference; lastKnownFileType = folder.assetcatalog; path = Assets.xcassets; sourceTree = "<group>"; };
		9C74E51B2872579A003FFFF7 /* Base */ = {isa = PBXFileReference; lastKnownFileType = file.storyboard; name = Base; path = Base.lproj/LaunchScreen.storyboard; sourceTree = "<group>"; };
		9C74E51D2872579A003FFFF7 /* Info.plist */ = {isa = PBXFileReference; lastKnownFileType = text.plist.xml; path = Info.plist; sourceTree = "<group>"; };
		9C74E51E2872579A003FFFF7 /* main.m */ = {isa = PBXFileReference; lastKnownFileType = sourcecode.c.objc; path = main.m; sourceTree = "<group>"; };
		9C74E5242872579B003FFFF7 /* ModelValeTests.xctest */ = {isa = PBXFileReference; explicitFileType = wrapper.cfbundle; includeInIndex = 0; path = ModelValeTests.xctest; sourceTree = BUILT_PRODUCTS_DIR; };
		9C74E5282872579B003FFFF7 /* ModelValeTests.m */ = {isa = PBXFileReference; lastKnownFileType = sourcecode.c.objc; path = ModelValeTests.m; sourceTree = "<group>"; };
		9C74E52E2872579B003FFFF7 /* ModelValeUITests.xctest */ = {isa = PBXFileReference; explicitFileType = wrapper.cfbundle; includeInIndex = 0; path = ModelValeUITests.xctest; sourceTree = BUILT_PRODUCTS_DIR; };
		9C74E5322872579B003FFFF7 /* ModelValeUITests.m */ = {isa = PBXFileReference; lastKnownFileType = sourcecode.c.objc; path = ModelValeUITests.m; sourceTree = "<group>"; };
		9C74E5342872579B003FFFF7 /* ModelValeUITestsLaunchTests.m */ = {isa = PBXFileReference; lastKnownFileType = sourcecode.c.objc; path = ModelValeUITestsLaunchTests.m; sourceTree = "<group>"; };
		9C74E54228736D12003FFFF7 /* ModelViewController.h */ = {isa = PBXFileReference; lastKnownFileType = sourcecode.c.h; path = ModelViewController.h; sourceTree = "<group>"; };
		9C74E54328736D12003FFFF7 /* ModelViewController.m */ = {isa = PBXFileReference; lastKnownFileType = sourcecode.c.objc; path = ModelViewController.m; sourceTree = "<group>"; };
		9C74E54528736D7B003FFFF7 /* StatsViewController.h */ = {isa = PBXFileReference; lastKnownFileType = sourcecode.c.h; path = StatsViewController.h; sourceTree = "<group>"; };
		9C74E54628736D7B003FFFF7 /* StatsViewController.m */ = {isa = PBXFileReference; lastKnownFileType = sourcecode.c.objc; path = StatsViewController.m; sourceTree = "<group>"; };
		9C74E54828736D9E003FFFF7 /* Login.storyboard */ = {isa = PBXFileReference; lastKnownFileType = file.storyboard; path = Login.storyboard; sourceTree = "<group>"; };
		9C74E54A28736DBD003FFFF7 /* LoginViewController.h */ = {isa = PBXFileReference; lastKnownFileType = sourcecode.c.h; path = LoginViewController.h; sourceTree = "<group>"; };
		9C74E54B28736DBD003FFFF7 /* LoginViewController.m */ = {isa = PBXFileReference; lastKnownFileType = sourcecode.c.objc; path = LoginViewController.m; sourceTree = "<group>"; };
		9C74E54D28736DED003FFFF7 /* RegisterViewController.h */ = {isa = PBXFileReference; lastKnownFileType = sourcecode.c.h; path = RegisterViewController.h; sourceTree = "<group>"; };
		9C74E54E28736DED003FFFF7 /* RegisterViewController.m */ = {isa = PBXFileReference; lastKnownFileType = sourcecode.c.objc; path = RegisterViewController.m; sourceTree = "<group>"; };
		9CADD486288F661800C1C6F4 /* StarterModels.m */ = {isa = PBXFileReference; fileEncoding = 4; lastKnownFileType = sourcecode.c.objc; path = StarterModels.m; sourceTree = "<group>"; };
		9CADD487288F661800C1C6F4 /* StarterModels.h */ = {isa = PBXFileReference; fileEncoding = 4; lastKnownFileType = sourcecode.c.h; path = StarterModels.h; sourceTree = "<group>"; };
		9CADD489289213DA00C1C6F4 /* GoogleService-Info.plist */ = {isa = PBXFileReference; fileEncoding = 4; lastKnownFileType = text.plist.xml; path = "GoogleService-Info.plist"; sourceTree = "<group>"; };
		9CADD49728922A8E00C1C6F4 /* User.h */ = {isa = PBXFileReference; lastKnownFileType = sourcecode.c.h; path = User.h; sourceTree = "<group>"; };
		9CADD49828922A8E00C1C6F4 /* User.m */ = {isa = PBXFileReference; lastKnownFileType = sourcecode.c.objc; path = User.m; sourceTree = "<group>"; };
		9CADD49F2893663300C1C6F4 /* FirebaseAuthViewController.h */ = {isa = PBXFileReference; lastKnownFileType = sourcecode.c.h; path = FirebaseAuthViewController.h; sourceTree = "<group>"; };
		9CADD4A02893663300C1C6F4 /* FirebaseAuthViewController.m */ = {isa = PBXFileReference; lastKnownFileType = sourcecode.c.objc; path = FirebaseAuthViewController.m; sourceTree = "<group>"; };
		9CB423FE287F9A00001525FA /* SqueezeNetInt8LUT.mlmodel */ = {isa = PBXFileReference; lastKnownFileType = file.mlmodel; path = SqueezeNetInt8LUT.mlmodel; sourceTree = "<group>"; };
		9CB42402287F9C6B001525FA /* UpdatableSqueezeNet.mlmodel */ = {isa = PBXFileReference; lastKnownFileType = file.mlmodel; name = UpdatableSqueezeNet.mlmodel; path = ../../../mycoremltools/UpdatableSqueezeNet.mlmodel; sourceTree = "<group>"; };
		9CB79C0C2874F21700F67E1C /* UIViewController+PresentError.m */ = {isa = PBXFileReference; fileEncoding = 4; lastKnownFileType = sourcecode.c.objc; path = "UIViewController+PresentError.m"; sourceTree = "<group>"; };
		9CB79C0D2874F21800F67E1C /* UIViewController+PresentError.h */ = {isa = PBXFileReference; fileEncoding = 4; lastKnownFileType = sourcecode.c.h; path = "UIViewController+PresentError.h"; sourceTree = "<group>"; };
		9CB79C1328775C7900F67E1C /* TestViewController.h */ = {isa = PBXFileReference; lastKnownFileType = sourcecode.c.h; path = TestViewController.h; sourceTree = "<group>"; };
		9CB79C1428775C7900F67E1C /* TestViewController.m */ = {isa = PBXFileReference; lastKnownFileType = sourcecode.c.objc; path = TestViewController.m; sourceTree = "<group>"; };
		9CB79C1628775C8A00F67E1C /* RetrainViewController.h */ = {isa = PBXFileReference; lastKnownFileType = sourcecode.c.h; path = RetrainViewController.h; sourceTree = "<group>"; };
		9CB79C1728775C8A00F67E1C /* RetrainViewController.m */ = {isa = PBXFileReference; lastKnownFileType = sourcecode.c.objc; path = RetrainViewController.m; sourceTree = "<group>"; };
		9CB79C1928775C9800F67E1C /* DataViewController.h */ = {isa = PBXFileReference; lastKnownFileType = sourcecode.c.h; path = DataViewController.h; sourceTree = "<group>"; };
		9CB79C1A28775C9800F67E1C /* DataViewController.m */ = {isa = PBXFileReference; lastKnownFileType = sourcecode.c.objc; path = DataViewController.m; sourceTree = "<group>"; };
		9CB79C1C28775CB400F67E1C /* AddDataViewController.h */ = {isa = PBXFileReference; lastKnownFileType = sourcecode.c.h; path = AddDataViewController.h; sourceTree = "<group>"; };
		9CB79C1D28775CB400F67E1C /* AddDataViewController.m */ = {isa = PBXFileReference; lastKnownFileType = sourcecode.c.objc; path = AddDataViewController.m; sourceTree = "<group>"; };
		9CB79C1F2877932200F67E1C /* ModelVale-Bridging-Header.h */ = {isa = PBXFileReference; lastKnownFileType = sourcecode.c.h; path = "ModelVale-Bridging-Header.h"; sourceTree = "<group>"; };
		9CEEE36C2880D06900548963 /* AvatarMLModel.h */ = {isa = PBXFileReference; lastKnownFileType = sourcecode.c.h; path = AvatarMLModel.h; sourceTree = "<group>"; };
		9CEEE36D2880D06900548963 /* AvatarMLModel.m */ = {isa = PBXFileReference; lastKnownFileType = sourcecode.c.objc; path = AvatarMLModel.m; sourceTree = "<group>"; };
		9CEEE36F2880D71600548963 /* HealthBarView.h */ = {isa = PBXFileReference; lastKnownFileType = sourcecode.c.h; path = HealthBarView.h; sourceTree = "<group>"; };
		9CEEE3702880D71600548963 /* HealthBarView.m */ = {isa = PBXFileReference; lastKnownFileType = sourcecode.c.objc; path = HealthBarView.m; sourceTree = "<group>"; };
		9D94C2DA75F1B92CB1D70488 /* Pods-ModelVale-ModelValeUITests.debug.xcconfig */ = {isa = PBXFileReference; includeInIndex = 1; lastKnownFileType = text.xcconfig; name = "Pods-ModelVale-ModelValeUITests.debug.xcconfig"; path = "Target Support Files/Pods-ModelVale-ModelValeUITests/Pods-ModelVale-ModelValeUITests.debug.xcconfig"; sourceTree = "<group>"; };
		D9568465BF07D23495F84A91 /* Pods_ModelVale_ModelValeUITests.framework */ = {isa = PBXFileReference; explicitFileType = wrapper.framework; includeInIndex = 0; path = Pods_ModelVale_ModelValeUITests.framework; sourceTree = BUILT_PRODUCTS_DIR; };
		F2CE161195256D3EF42598EA /* Pods_ModelValeTests.framework */ = {isa = PBXFileReference; explicitFileType = wrapper.framework; includeInIndex = 0; path = Pods_ModelValeTests.framework; sourceTree = BUILT_PRODUCTS_DIR; };
		FF376F3548470D52FE3B403B /* Pods-ModelValeTests.release.xcconfig */ = {isa = PBXFileReference; includeInIndex = 1; lastKnownFileType = text.xcconfig; name = "Pods-ModelValeTests.release.xcconfig"; path = "Target Support Files/Pods-ModelValeTests/Pods-ModelValeTests.release.xcconfig"; sourceTree = "<group>"; };
/* End PBXFileReference section */

/* Begin PBXFrameworksBuildPhase section */
		9C74E50628725799003FFFF7 /* Frameworks */ = {
			isa = PBXFrameworksBuildPhase;
			buildActionMask = 2147483647;
			files = (
				1E4CDD46D42A8E5C1187B010 /* Pods_ModelVale.framework in Frameworks */,
			);
			runOnlyForDeploymentPostprocessing = 0;
		};
		9C74E5212872579B003FFFF7 /* Frameworks */ = {
			isa = PBXFrameworksBuildPhase;
			buildActionMask = 2147483647;
			files = (
				8638BAAAD53D8B35B5595295 /* Pods_ModelValeTests.framework in Frameworks */,
			);
			runOnlyForDeploymentPostprocessing = 0;
		};
		9C74E52B2872579B003FFFF7 /* Frameworks */ = {
			isa = PBXFrameworksBuildPhase;
			buildActionMask = 2147483647;
			files = (
				45DC8A116154DE4F9D523287 /* Pods_ModelVale_ModelValeUITests.framework in Frameworks */,
			);
			runOnlyForDeploymentPostprocessing = 0;
		};
/* End PBXFrameworksBuildPhase section */

/* Begin PBXGroup section */
		9C69F7212878A8210001F608 /* Cells */ = {
			isa = PBXGroup;
			children = (
				9C69F7242878A8680001F608 /* AddDataCell.h */,
				9C69F7252878A8680001F608 /* AddDataCell.m */,
				9C69F729287CA94B0001F608 /* UserDataCell.h */,
				9C69F72A287CA94B0001F608 /* UserDataCell.m */,
			);
			path = Cells;
			sourceTree = "<group>";
		};
		9C69F72F287CAF650001F608 /* Datatypes */ = {
			isa = PBXGroup;
			children = (
				9C69F730287CAFDE0001F608 /* ModelData.h */,
				9C69F731287CAFDE0001F608 /* ModelData.m */,
				9C69F733287CCFC40001F608 /* ModelLabel.h */,
				9C69F734287CCFC40001F608 /* ModelLabel.m */,
				9C69F736287CD85B0001F608 /* TestTrainEnum.h */,
				9C69F737287DF38E0001F608 /* TestTrainEnum.m */,
				9C69F73D287E4DD50001F608 /* TrainBatchData.h */,
				9C69F73E287E4DD50001F608 /* TrainBatchData.m */,
				9CEEE36C2880D06900548963 /* AvatarMLModel.h */,
				9CEEE36D2880D06900548963 /* AvatarMLModel.m */,
				9CADD49728922A8E00C1C6F4 /* User.h */,
				9CADD49828922A8E00C1C6F4 /* User.m */,
				9C28EF842887897F00CE0F2D /* XP.h */,
				9C28EF852887897F00CE0F2D /* XP.m */,
				9C28EF8128877E4E00CE0F2D /* XPCluster.h */,
				9C28EF8228877E4E00CE0F2D /* XPCluster.m */,
				9CADD487288F661800C1C6F4 /* StarterModels.h */,
				9CADD486288F661800C1C6F4 /* StarterModels.m */,
			);
			path = Datatypes;
			sourceTree = "<group>";
		};
		9C74E50028725799003FFFF7 = {
			isa = PBXGroup;
			children = (
				9CB79C0828739EC300F67E1C /* Models */,
				9C74E50B28725799003FFFF7 /* ModelVale */,
				9C74E5272872579B003FFFF7 /* ModelValeTests */,
				9C74E5312872579B003FFFF7 /* ModelValeUITests */,
				9C74E50A28725799003FFFF7 /* Products */,
				E56240A20D1E8ACE7B999DBB /* Pods */,
				A11443E9DD7594CD9884F867 /* Frameworks */,
			);
			sourceTree = "<group>";
		};
		9C74E50A28725799003FFFF7 /* Products */ = {
			isa = PBXGroup;
			children = (
				9C74E50928725799003FFFF7 /* ModelVale.app */,
				9C74E5242872579B003FFFF7 /* ModelValeTests.xctest */,
				9C74E52E2872579B003FFFF7 /* ModelValeUITests.xctest */,
			);
			name = Products;
			sourceTree = "<group>";
		};
		9C74E50B28725799003FFFF7 /* ModelVale */ = {
			isa = PBXGroup;
			children = (
				9C74E50C28725799003FFFF7 /* AppDelegate.h */,
				9C74E50D28725799003FFFF7 /* AppDelegate.m */,
				9C74E50F28725799003FFFF7 /* SceneDelegate.h */,
				9C74E51028725799003FFFF7 /* SceneDelegate.m */,
				9CB79C0B2874F13E00F67E1C /* CustomComponents */,
				9C74E54128736CBC003FFFF7 /* ViewControllers */,
				9C74E51528725799003FFFF7 /* Main.storyboard */,
				9C69F7272878D35A0001F608 /* Stats.storyboard */,
				9C74E54828736D9E003FFFF7 /* Login.storyboard */,
				9C74E5182872579A003FFFF7 /* Assets.xcassets */,
				9C74E51A2872579A003FFFF7 /* LaunchScreen.storyboard */,
				9C74E51D2872579A003FFFF7 /* Info.plist */,
				9CADD489289213DA00C1C6F4 /* GoogleService-Info.plist */,
				9C623CC4288743BB00264F50 /* Keys.plist */,
				9C74E51E2872579A003FFFF7 /* main.m */,
			);
			path = ModelVale;
			sourceTree = "<group>";
		};
		9C74E5272872579B003FFFF7 /* ModelValeTests */ = {
			isa = PBXGroup;
			children = (
				9C74E5282872579B003FFFF7 /* ModelValeTests.m */,
			);
			path = ModelValeTests;
			sourceTree = "<group>";
		};
		9C74E5312872579B003FFFF7 /* ModelValeUITests */ = {
			isa = PBXGroup;
			children = (
				9C74E5322872579B003FFFF7 /* ModelValeUITests.m */,
				9C74E5342872579B003FFFF7 /* ModelValeUITestsLaunchTests.m */,
			);
			path = ModelValeUITests;
			sourceTree = "<group>";
		};
		9C74E54128736CBC003FFFF7 /* ViewControllers */ = {
			isa = PBXGroup;
			children = (
				9CADD49A289364D300C1C6F4 /* Database */,
				9CB79C102874F6FA00F67E1C /* Main */,
				9CB79C0F2874F6EA00F67E1C /* Login */,
			);
			path = ViewControllers;
			sourceTree = "<group>";
		};
		9CADD49A289364D300C1C6F4 /* Database */ = {
			isa = PBXGroup;
			children = (
				9CADD49F2893663300C1C6F4 /* FirebaseAuthViewController.h */,
				9CADD4A02893663300C1C6F4 /* FirebaseAuthViewController.m */,
			);
			path = Database;
			sourceTree = "<group>";
		};
		9CB79C0828739EC300F67E1C /* Models */ = {
			isa = PBXGroup;
			children = (
				9CB42402287F9C6B001525FA /* UpdatableSqueezeNet.mlmodel */,
				9CB423FE287F9A00001525FA /* SqueezeNetInt8LUT.mlmodel */,
			);
			path = Models;
			sourceTree = "<group>";
		};
		9CB79C0B2874F13E00F67E1C /* CustomComponents */ = {
			isa = PBXGroup;
			children = (
				9C69F72F287CAF650001F608 /* Datatypes */,
				9C69F7212878A8210001F608 /* Cells */,
				9CB79C0D2874F21800F67E1C /* UIViewController+PresentError.h */,
				9C0759332884D240005493D1 /* DropDownTextField.swift */,
				9CB79C0C2874F21700F67E1C /* UIViewController+PresentError.m */,
				9C69F72C287CAB970001F608 /* UserDataSectionHeader.h */,
				9C69F72D287CAB970001F608 /* UserDataSectionHeader.m */,
				9CEEE36F2880D71600548963 /* HealthBarView.h */,
				9CEEE3702880D71600548963 /* HealthBarView.m */,
			);
			path = CustomComponents;
			sourceTree = "<group>";
		};
		9CB79C0F2874F6EA00F67E1C /* Login */ = {
			isa = PBXGroup;
			children = (
				9C74E54D28736DED003FFFF7 /* RegisterViewController.h */,
				9C74E54E28736DED003FFFF7 /* RegisterViewController.m */,
				9C74E54A28736DBD003FFFF7 /* LoginViewController.h */,
				9C74E54B28736DBD003FFFF7 /* LoginViewController.m */,
			);
			path = Login;
			sourceTree = "<group>";
		};
		9CB79C102874F6FA00F67E1C /* Main */ = {
			isa = PBXGroup;
			children = (
				9C74E54228736D12003FFFF7 /* ModelViewController.h */,
				9C74E54328736D12003FFFF7 /* ModelViewController.m */,
				9C74E54528736D7B003FFFF7 /* StatsViewController.h */,
				9C74E54628736D7B003FFFF7 /* StatsViewController.m */,
				9CB79C1328775C7900F67E1C /* TestViewController.h */,
				9CB79C1428775C7900F67E1C /* TestViewController.m */,
				9CB79C1628775C8A00F67E1C /* RetrainViewController.h */,
				9CB79C1728775C8A00F67E1C /* RetrainViewController.m */,
				9CB79C1928775C9800F67E1C /* DataViewController.h */,
				9CB79C1A28775C9800F67E1C /* DataViewController.m */,
				9CB79C1C28775CB400F67E1C /* AddDataViewController.h */,
				9CB79C1D28775CB400F67E1C /* AddDataViewController.m */,
				9CB79C1F2877932200F67E1C /* ModelVale-Bridging-Header.h */,
			);
			path = Main;
			sourceTree = "<group>";
		};
		A11443E9DD7594CD9884F867 /* Frameworks */ = {
			isa = PBXGroup;
			children = (
				45BCAC78F11EFE2C43042A2E /* Pods_ModelVale.framework */,
				D9568465BF07D23495F84A91 /* Pods_ModelVale_ModelValeUITests.framework */,
				F2CE161195256D3EF42598EA /* Pods_ModelValeTests.framework */,
			);
			name = Frameworks;
			sourceTree = "<group>";
		};
		E56240A20D1E8ACE7B999DBB /* Pods */ = {
			isa = PBXGroup;
			children = (
				31568583B6BC37C16B9F5DB3 /* Pods-ModelVale.debug.xcconfig */,
				4113CE6811CA17B0B8B2B402 /* Pods-ModelVale.release.xcconfig */,
				9D94C2DA75F1B92CB1D70488 /* Pods-ModelVale-ModelValeUITests.debug.xcconfig */,
				2D82A33E6CDF4298D17BA9C2 /* Pods-ModelVale-ModelValeUITests.release.xcconfig */,
				82CCEE7F27B11B5A4BEB53E8 /* Pods-ModelValeTests.debug.xcconfig */,
				FF376F3548470D52FE3B403B /* Pods-ModelValeTests.release.xcconfig */,
			);
			path = Pods;
			sourceTree = "<group>";
		};
/* End PBXGroup section */

/* Begin PBXNativeTarget section */
		9C74E50828725799003FFFF7 /* ModelVale */ = {
			isa = PBXNativeTarget;
			buildConfigurationList = 9C74E5382872579B003FFFF7 /* Build configuration list for PBXNativeTarget "ModelVale" */;
			buildPhases = (
				7DEC5677E9BE1022B762AB01 /* [CP] Check Pods Manifest.lock */,
				9C74E50528725799003FFFF7 /* Sources */,
				9C74E50628725799003FFFF7 /* Frameworks */,
				9C74E50728725799003FFFF7 /* Resources */,
				34D9566705BDE519BDA36525 /* [CP] Embed Pods Frameworks */,
			);
			buildRules = (
			);
			dependencies = (
			);
			name = ModelVale;
			productName = ModelVale;
			productReference = 9C74E50928725799003FFFF7 /* ModelVale.app */;
			productType = "com.apple.product-type.application";
		};
		9C74E5232872579B003FFFF7 /* ModelValeTests */ = {
			isa = PBXNativeTarget;
			buildConfigurationList = 9C74E53B2872579B003FFFF7 /* Build configuration list for PBXNativeTarget "ModelValeTests" */;
			buildPhases = (
				90D0429EFBD0C68564D17BAE /* [CP] Check Pods Manifest.lock */,
				9C74E5202872579B003FFFF7 /* Sources */,
				9C74E5212872579B003FFFF7 /* Frameworks */,
				9C74E5222872579B003FFFF7 /* Resources */,
			);
			buildRules = (
			);
			dependencies = (
				9C74E5262872579B003FFFF7 /* PBXTargetDependency */,
			);
			name = ModelValeTests;
			productName = ModelValeTests;
			productReference = 9C74E5242872579B003FFFF7 /* ModelValeTests.xctest */;
			productType = "com.apple.product-type.bundle.unit-test";
		};
		9C74E52D2872579B003FFFF7 /* ModelValeUITests */ = {
			isa = PBXNativeTarget;
			buildConfigurationList = 9C74E53E2872579B003FFFF7 /* Build configuration list for PBXNativeTarget "ModelValeUITests" */;
			buildPhases = (
				091EA7C475DFC8B4EB2CB73A /* [CP] Check Pods Manifest.lock */,
				9C74E52A2872579B003FFFF7 /* Sources */,
				9C74E52B2872579B003FFFF7 /* Frameworks */,
				9C74E52C2872579B003FFFF7 /* Resources */,
				C44E4116CE0913A463FEA47A /* [CP] Embed Pods Frameworks */,
			);
			buildRules = (
			);
			dependencies = (
				9C74E5302872579B003FFFF7 /* PBXTargetDependency */,
			);
			name = ModelValeUITests;
			productName = ModelValeUITests;
			productReference = 9C74E52E2872579B003FFFF7 /* ModelValeUITests.xctest */;
			productType = "com.apple.product-type.bundle.ui-testing";
		};
/* End PBXNativeTarget section */

/* Begin PBXProject section */
		9C74E50128725799003FFFF7 /* Project object */ = {
			isa = PBXProject;
			attributes = {
				BuildIndependentTargetsInParallel = 1;
				LastUpgradeCheck = 1340;
				TargetAttributes = {
					9C74E50828725799003FFFF7 = {
						CreatedOnToolsVersion = 13.4.1;
						LastSwiftMigration = 1340;
					};
					9C74E5232872579B003FFFF7 = {
						CreatedOnToolsVersion = 13.4.1;
						TestTargetID = 9C74E50828725799003FFFF7;
					};
					9C74E52D2872579B003FFFF7 = {
						CreatedOnToolsVersion = 13.4.1;
						TestTargetID = 9C74E50828725799003FFFF7;
					};
				};
			};
			buildConfigurationList = 9C74E50428725799003FFFF7 /* Build configuration list for PBXProject "ModelVale" */;
			compatibilityVersion = "Xcode 13.0";
			developmentRegion = en;
			hasScannedForEncodings = 0;
			knownRegions = (
				en,
				Base,
			);
			mainGroup = 9C74E50028725799003FFFF7;
			productRefGroup = 9C74E50A28725799003FFFF7 /* Products */;
			projectDirPath = "";
			projectRoot = "";
			targets = (
				9C74E50828725799003FFFF7 /* ModelVale */,
				9C74E5232872579B003FFFF7 /* ModelValeTests */,
				9C74E52D2872579B003FFFF7 /* ModelValeUITests */,
			);
		};
/* End PBXProject section */

/* Begin PBXResourcesBuildPhase section */
		9C74E50728725799003FFFF7 /* Resources */ = {
			isa = PBXResourcesBuildPhase;
			buildActionMask = 2147483647;
			files = (
				9C623CC5288743BB00264F50 /* Keys.plist in Resources */,
				9C69F7282878D35A0001F608 /* Stats.storyboard in Resources */,
				9C74E54928736D9E003FFFF7 /* Login.storyboard in Resources */,
				9C74E51C2872579A003FFFF7 /* LaunchScreen.storyboard in Resources */,
				9C74E5192872579A003FFFF7 /* Assets.xcassets in Resources */,
				9C74E51728725799003FFFF7 /* Main.storyboard in Resources */,
				9CADD48A289213DA00C1C6F4 /* GoogleService-Info.plist in Resources */,
			);
			runOnlyForDeploymentPostprocessing = 0;
		};
		9C74E5222872579B003FFFF7 /* Resources */ = {
			isa = PBXResourcesBuildPhase;
			buildActionMask = 2147483647;
			files = (
			);
			runOnlyForDeploymentPostprocessing = 0;
		};
		9C74E52C2872579B003FFFF7 /* Resources */ = {
			isa = PBXResourcesBuildPhase;
			buildActionMask = 2147483647;
			files = (
			);
			runOnlyForDeploymentPostprocessing = 0;
		};
/* End PBXResourcesBuildPhase section */

/* Begin PBXShellScriptBuildPhase section */
		091EA7C475DFC8B4EB2CB73A /* [CP] Check Pods Manifest.lock */ = {
			isa = PBXShellScriptBuildPhase;
			buildActionMask = 2147483647;
			files = (
			);
			inputFileListPaths = (
			);
			inputPaths = (
				"${PODS_PODFILE_DIR_PATH}/Podfile.lock",
				"${PODS_ROOT}/Manifest.lock",
			);
			name = "[CP] Check Pods Manifest.lock";
			outputFileListPaths = (
			);
			outputPaths = (
				"$(DERIVED_FILE_DIR)/Pods-ModelVale-ModelValeUITests-checkManifestLockResult.txt",
			);
			runOnlyForDeploymentPostprocessing = 0;
			shellPath = /bin/sh;
			shellScript = "diff \"${PODS_PODFILE_DIR_PATH}/Podfile.lock\" \"${PODS_ROOT}/Manifest.lock\" > /dev/null\nif [ $? != 0 ] ; then\n    # print error to STDERR\n    echo \"error: The sandbox is not in sync with the Podfile.lock. Run 'pod install' or update your CocoaPods installation.\" >&2\n    exit 1\nfi\n# This output is used by Xcode 'outputs' to avoid re-running this script phase.\necho \"SUCCESS\" > \"${SCRIPT_OUTPUT_FILE_0}\"\n";
			showEnvVarsInLog = 0;
		};
		34D9566705BDE519BDA36525 /* [CP] Embed Pods Frameworks */ = {
			isa = PBXShellScriptBuildPhase;
			buildActionMask = 2147483647;
			files = (
			);
			inputFileListPaths = (
				"${PODS_ROOT}/Target Support Files/Pods-ModelVale/Pods-ModelVale-frameworks-${CONFIGURATION}-input-files.xcfilelist",
			);
			name = "[CP] Embed Pods Frameworks";
			outputFileListPaths = (
				"${PODS_ROOT}/Target Support Files/Pods-ModelVale/Pods-ModelVale-frameworks-${CONFIGURATION}-output-files.xcfilelist",
			);
			runOnlyForDeploymentPostprocessing = 0;
			shellPath = /bin/sh;
			shellScript = "\"${PODS_ROOT}/Target Support Files/Pods-ModelVale/Pods-ModelVale-frameworks.sh\"\n";
			showEnvVarsInLog = 0;
		};
		7DEC5677E9BE1022B762AB01 /* [CP] Check Pods Manifest.lock */ = {
			isa = PBXShellScriptBuildPhase;
			buildActionMask = 2147483647;
			files = (
			);
			inputFileListPaths = (
			);
			inputPaths = (
				"${PODS_PODFILE_DIR_PATH}/Podfile.lock",
				"${PODS_ROOT}/Manifest.lock",
			);
			name = "[CP] Check Pods Manifest.lock";
			outputFileListPaths = (
			);
			outputPaths = (
				"$(DERIVED_FILE_DIR)/Pods-ModelVale-checkManifestLockResult.txt",
			);
			runOnlyForDeploymentPostprocessing = 0;
			shellPath = /bin/sh;
			shellScript = "diff \"${PODS_PODFILE_DIR_PATH}/Podfile.lock\" \"${PODS_ROOT}/Manifest.lock\" > /dev/null\nif [ $? != 0 ] ; then\n    # print error to STDERR\n    echo \"error: The sandbox is not in sync with the Podfile.lock. Run 'pod install' or update your CocoaPods installation.\" >&2\n    exit 1\nfi\n# This output is used by Xcode 'outputs' to avoid re-running this script phase.\necho \"SUCCESS\" > \"${SCRIPT_OUTPUT_FILE_0}\"\n";
			showEnvVarsInLog = 0;
		};
		90D0429EFBD0C68564D17BAE /* [CP] Check Pods Manifest.lock */ = {
			isa = PBXShellScriptBuildPhase;
			buildActionMask = 2147483647;
			files = (
			);
			inputFileListPaths = (
			);
			inputPaths = (
				"${PODS_PODFILE_DIR_PATH}/Podfile.lock",
				"${PODS_ROOT}/Manifest.lock",
			);
			name = "[CP] Check Pods Manifest.lock";
			outputFileListPaths = (
			);
			outputPaths = (
				"$(DERIVED_FILE_DIR)/Pods-ModelValeTests-checkManifestLockResult.txt",
			);
			runOnlyForDeploymentPostprocessing = 0;
			shellPath = /bin/sh;
			shellScript = "diff \"${PODS_PODFILE_DIR_PATH}/Podfile.lock\" \"${PODS_ROOT}/Manifest.lock\" > /dev/null\nif [ $? != 0 ] ; then\n    # print error to STDERR\n    echo \"error: The sandbox is not in sync with the Podfile.lock. Run 'pod install' or update your CocoaPods installation.\" >&2\n    exit 1\nfi\n# This output is used by Xcode 'outputs' to avoid re-running this script phase.\necho \"SUCCESS\" > \"${SCRIPT_OUTPUT_FILE_0}\"\n";
			showEnvVarsInLog = 0;
		};
		C44E4116CE0913A463FEA47A /* [CP] Embed Pods Frameworks */ = {
			isa = PBXShellScriptBuildPhase;
			buildActionMask = 2147483647;
			files = (
			);
			inputFileListPaths = (
				"${PODS_ROOT}/Target Support Files/Pods-ModelVale-ModelValeUITests/Pods-ModelVale-ModelValeUITests-frameworks-${CONFIGURATION}-input-files.xcfilelist",
			);
			name = "[CP] Embed Pods Frameworks";
			outputFileListPaths = (
				"${PODS_ROOT}/Target Support Files/Pods-ModelVale-ModelValeUITests/Pods-ModelVale-ModelValeUITests-frameworks-${CONFIGURATION}-output-files.xcfilelist",
			);
			runOnlyForDeploymentPostprocessing = 0;
			shellPath = /bin/sh;
			shellScript = "\"${PODS_ROOT}/Target Support Files/Pods-ModelVale-ModelValeUITests/Pods-ModelVale-ModelValeUITests-frameworks.sh\"\n";
			showEnvVarsInLog = 0;
		};
/* End PBXShellScriptBuildPhase section */

/* Begin PBXSourcesBuildPhase section */
		9C74E50528725799003FFFF7 /* Sources */ = {
			isa = PBXSourcesBuildPhase;
			buildActionMask = 2147483647;
			files = (
				9C69F735287CCFC50001F608 /* ModelLabel.m in Sources */,
				9C74E54428736D12003FFFF7 /* ModelViewController.m in Sources */,
				9C69F72E287CAB970001F608 /* UserDataSectionHeader.m in Sources */,
				9C69F732287CAFDE0001F608 /* ModelData.m in Sources */,
				9C74E54728736D7B003FFFF7 /* StatsViewController.m in Sources */,
				9C69F72B287CA94B0001F608 /* UserDataCell.m in Sources */,
				9C74E54C28736DBD003FFFF7 /* LoginViewController.m in Sources */,
				9CB79C1B28775C9800F67E1C /* DataViewController.m in Sources */,
				9CADD49928922A8E00C1C6F4 /* User.m in Sources */,
				9CB79C1E28775CB400F67E1C /* AddDataViewController.m in Sources */,
				9CEEE3712880D71600548963 /* HealthBarView.m in Sources */,
				9CB79C1528775C7900F67E1C /* TestViewController.m in Sources */,
				9C74E50E28725799003FFFF7 /* AppDelegate.m in Sources */,
				9CB79C0E2874F21800F67E1C /* UIViewController+PresentError.m in Sources */,
				9C0759342884D240005493D1 /* DropDownTextField.swift in Sources */,
				9C69F7262878A8680001F608 /* AddDataCell.m in Sources */,
				9C28EF862887897F00CE0F2D /* XP.m in Sources */,
				9C74E54F28736DED003FFFF7 /* RegisterViewController.m in Sources */,
				9CEEE36E2880D06900548963 /* AvatarMLModel.m in Sources */,
				9C28EF8328877E4E00CE0F2D /* XPCluster.m in Sources */,
				9C74E51F2872579A003FFFF7 /* main.m in Sources */,
				9CADD4A12893663300C1C6F4 /* FirebaseAuthViewController.m in Sources */,
				9CADD488288F661800C1C6F4 /* StarterModels.m in Sources */,
				9C69F738287DF38E0001F608 /* TestTrainEnum.m in Sources */,
				9CB79C1828775C8A00F67E1C /* RetrainViewController.m in Sources */,
				9CB42403287F9C6B001525FA /* UpdatableSqueezeNet.mlmodel in Sources */,
				9CB423FF287F9A00001525FA /* SqueezeNetInt8LUT.mlmodel in Sources */,
				9C69F73F287E4DD50001F608 /* TrainBatchData.m in Sources */,
				9C74E51128725799003FFFF7 /* SceneDelegate.m in Sources */,
			);
			runOnlyForDeploymentPostprocessing = 0;
		};
		9C74E5202872579B003FFFF7 /* Sources */ = {
			isa = PBXSourcesBuildPhase;
			buildActionMask = 2147483647;
			files = (
				9C74E5292872579B003FFFF7 /* ModelValeTests.m in Sources */,
			);
			runOnlyForDeploymentPostprocessing = 0;
		};
		9C74E52A2872579B003FFFF7 /* Sources */ = {
			isa = PBXSourcesBuildPhase;
			buildActionMask = 2147483647;
			files = (
				9C74E5352872579B003FFFF7 /* ModelValeUITestsLaunchTests.m in Sources */,
				9C74E5332872579B003FFFF7 /* ModelValeUITests.m in Sources */,
			);
			runOnlyForDeploymentPostprocessing = 0;
		};
/* End PBXSourcesBuildPhase section */

/* Begin PBXTargetDependency section */
		9C74E5262872579B003FFFF7 /* PBXTargetDependency */ = {
			isa = PBXTargetDependency;
			target = 9C74E50828725799003FFFF7 /* ModelVale */;
			targetProxy = 9C74E5252872579B003FFFF7 /* PBXContainerItemProxy */;
		};
		9C74E5302872579B003FFFF7 /* PBXTargetDependency */ = {
			isa = PBXTargetDependency;
			target = 9C74E50828725799003FFFF7 /* ModelVale */;
			targetProxy = 9C74E52F2872579B003FFFF7 /* PBXContainerItemProxy */;
		};
/* End PBXTargetDependency section */

/* Begin PBXVariantGroup section */
		9C74E51528725799003FFFF7 /* Main.storyboard */ = {
			isa = PBXVariantGroup;
			children = (
				9C74E51628725799003FFFF7 /* Base */,
			);
			name = Main.storyboard;
			sourceTree = "<group>";
		};
		9C74E51A2872579A003FFFF7 /* LaunchScreen.storyboard */ = {
			isa = PBXVariantGroup;
			children = (
				9C74E51B2872579A003FFFF7 /* Base */,
			);
			name = LaunchScreen.storyboard;
			sourceTree = "<group>";
		};
/* End PBXVariantGroup section */

/* Begin XCBuildConfiguration section */
		9C74E5362872579B003FFFF7 /* Debug */ = {
			isa = XCBuildConfiguration;
			buildSettings = {
				ALWAYS_SEARCH_USER_PATHS = NO;
				CLANG_ANALYZER_NONNULL = YES;
				CLANG_ANALYZER_NUMBER_OBJECT_CONVERSION = YES_AGGRESSIVE;
				CLANG_CXX_LANGUAGE_STANDARD = "gnu++17";
				CLANG_ENABLE_MODULES = YES;
				CLANG_ENABLE_OBJC_ARC = YES;
				CLANG_ENABLE_OBJC_WEAK = YES;
				CLANG_WARN_BLOCK_CAPTURE_AUTORELEASING = YES;
				CLANG_WARN_BOOL_CONVERSION = YES;
				CLANG_WARN_COMMA = YES;
				CLANG_WARN_CONSTANT_CONVERSION = YES;
				CLANG_WARN_DEPRECATED_OBJC_IMPLEMENTATIONS = YES;
				CLANG_WARN_DIRECT_OBJC_ISA_USAGE = YES_ERROR;
				CLANG_WARN_DOCUMENTATION_COMMENTS = YES;
				CLANG_WARN_EMPTY_BODY = YES;
				CLANG_WARN_ENUM_CONVERSION = YES;
				CLANG_WARN_INFINITE_RECURSION = YES;
				CLANG_WARN_INT_CONVERSION = YES;
				CLANG_WARN_NON_LITERAL_NULL_CONVERSION = YES;
				CLANG_WARN_OBJC_IMPLICIT_RETAIN_SELF = YES;
				CLANG_WARN_OBJC_LITERAL_CONVERSION = YES;
				CLANG_WARN_OBJC_ROOT_CLASS = YES_ERROR;
				CLANG_WARN_QUOTED_INCLUDE_IN_FRAMEWORK_HEADER = YES;
				CLANG_WARN_RANGE_LOOP_ANALYSIS = YES;
				CLANG_WARN_STRICT_PROTOTYPES = YES;
				CLANG_WARN_SUSPICIOUS_MOVE = YES;
				CLANG_WARN_UNGUARDED_AVAILABILITY = YES_AGGRESSIVE;
				CLANG_WARN_UNREACHABLE_CODE = YES;
				CLANG_WARN__DUPLICATE_METHOD_MATCH = YES;
				COPY_PHASE_STRIP = NO;
				DEBUG_INFORMATION_FORMAT = dwarf;
				ENABLE_STRICT_OBJC_MSGSEND = YES;
				ENABLE_TESTABILITY = YES;
				GCC_C_LANGUAGE_STANDARD = gnu11;
				GCC_DYNAMIC_NO_PIC = NO;
				GCC_NO_COMMON_BLOCKS = NO;
				GCC_OPTIMIZATION_LEVEL = 0;
				GCC_PREPROCESSOR_DEFINITIONS = (
					"DEBUG=1",
					"$(inherited)",
				);
				GCC_WARN_64_TO_32_BIT_CONVERSION = YES;
				GCC_WARN_ABOUT_RETURN_TYPE = YES_ERROR;
				GCC_WARN_UNDECLARED_SELECTOR = YES;
				GCC_WARN_UNINITIALIZED_AUTOS = YES_AGGRESSIVE;
				GCC_WARN_UNUSED_FUNCTION = YES;
				GCC_WARN_UNUSED_VARIABLE = YES;
				IPHONEOS_DEPLOYMENT_TARGET = 14.7;
				MTL_ENABLE_DEBUG_INFO = INCLUDE_SOURCE;
				MTL_FAST_MATH = YES;
				ONLY_ACTIVE_ARCH = YES;
				SDKROOT = iphoneos;
			};
			name = Debug;
		};
		9C74E5372872579B003FFFF7 /* Release */ = {
			isa = XCBuildConfiguration;
			buildSettings = {
				ALWAYS_SEARCH_USER_PATHS = NO;
				CLANG_ANALYZER_NONNULL = YES;
				CLANG_ANALYZER_NUMBER_OBJECT_CONVERSION = YES_AGGRESSIVE;
				CLANG_CXX_LANGUAGE_STANDARD = "gnu++17";
				CLANG_ENABLE_MODULES = YES;
				CLANG_ENABLE_OBJC_ARC = YES;
				CLANG_ENABLE_OBJC_WEAK = YES;
				CLANG_WARN_BLOCK_CAPTURE_AUTORELEASING = YES;
				CLANG_WARN_BOOL_CONVERSION = YES;
				CLANG_WARN_COMMA = YES;
				CLANG_WARN_CONSTANT_CONVERSION = YES;
				CLANG_WARN_DEPRECATED_OBJC_IMPLEMENTATIONS = YES;
				CLANG_WARN_DIRECT_OBJC_ISA_USAGE = YES_ERROR;
				CLANG_WARN_DOCUMENTATION_COMMENTS = YES;
				CLANG_WARN_EMPTY_BODY = YES;
				CLANG_WARN_ENUM_CONVERSION = YES;
				CLANG_WARN_INFINITE_RECURSION = YES;
				CLANG_WARN_INT_CONVERSION = YES;
				CLANG_WARN_NON_LITERAL_NULL_CONVERSION = YES;
				CLANG_WARN_OBJC_IMPLICIT_RETAIN_SELF = YES;
				CLANG_WARN_OBJC_LITERAL_CONVERSION = YES;
				CLANG_WARN_OBJC_ROOT_CLASS = YES_ERROR;
				CLANG_WARN_QUOTED_INCLUDE_IN_FRAMEWORK_HEADER = YES;
				CLANG_WARN_RANGE_LOOP_ANALYSIS = YES;
				CLANG_WARN_STRICT_PROTOTYPES = YES;
				CLANG_WARN_SUSPICIOUS_MOVE = YES;
				CLANG_WARN_UNGUARDED_AVAILABILITY = YES_AGGRESSIVE;
				CLANG_WARN_UNREACHABLE_CODE = YES;
				CLANG_WARN__DUPLICATE_METHOD_MATCH = YES;
				COPY_PHASE_STRIP = NO;
				DEBUG_INFORMATION_FORMAT = "dwarf-with-dsym";
				ENABLE_NS_ASSERTIONS = NO;
				ENABLE_STRICT_OBJC_MSGSEND = YES;
				GCC_C_LANGUAGE_STANDARD = gnu11;
				GCC_NO_COMMON_BLOCKS = NO;
				GCC_WARN_64_TO_32_BIT_CONVERSION = YES;
				GCC_WARN_ABOUT_RETURN_TYPE = YES_ERROR;
				GCC_WARN_UNDECLARED_SELECTOR = YES;
				GCC_WARN_UNINITIALIZED_AUTOS = YES_AGGRESSIVE;
				GCC_WARN_UNUSED_FUNCTION = YES;
				GCC_WARN_UNUSED_VARIABLE = YES;
				IPHONEOS_DEPLOYMENT_TARGET = 14.7;
				MTL_ENABLE_DEBUG_INFO = NO;
				MTL_FAST_MATH = YES;
				SDKROOT = iphoneos;
				VALIDATE_PRODUCT = YES;
			};
			name = Release;
		};
		9C74E5392872579B003FFFF7 /* Debug */ = {
			isa = XCBuildConfiguration;
			baseConfigurationReference = 31568583B6BC37C16B9F5DB3 /* Pods-ModelVale.debug.xcconfig */;
			buildSettings = {
				ASSETCATALOG_COMPILER_APPICON_NAME = AppIcon;
				ASSETCATALOG_COMPILER_GLOBAL_ACCENT_COLOR_NAME = AccentColor;
				CLANG_ENABLE_MODULES = YES;
				CODE_SIGN_STYLE = Automatic;
				CURRENT_PROJECT_VERSION = 1;
				DEVELOPMENT_TEAM = 7U2A6R77J6;
				GENERATE_INFOPLIST_FILE = YES;
				INFOPLIST_FILE = ModelVale/Info.plist;
				INFOPLIST_KEY_UIApplicationSupportsIndirectInputEvents = YES;
				INFOPLIST_KEY_UILaunchStoryboardName = LaunchScreen;
				INFOPLIST_KEY_UIMainStoryboardFile = Main;
				INFOPLIST_KEY_UISupportedInterfaceOrientations_iPad = "UIInterfaceOrientationPortrait UIInterfaceOrientationPortraitUpsideDown UIInterfaceOrientationLandscapeLeft UIInterfaceOrientationLandscapeRight";
				INFOPLIST_KEY_UISupportedInterfaceOrientations_iPhone = "UIInterfaceOrientationPortrait UIInterfaceOrientationLandscapeLeft UIInterfaceOrientationLandscapeRight";
				LD_RUNPATH_SEARCH_PATHS = (
					"$(inherited)",
					"@executable_path/Frameworks",
				);
				MARKETING_VERSION = 1.0;
				PRODUCT_BUNDLE_IDENTIFIER = io.github.chaytanc.ModelVale;
				PRODUCT_NAME = "$(TARGET_NAME)";
				SWIFT_EMIT_LOC_STRINGS = YES;
				SWIFT_OBJC_BRIDGING_HEADER = "ModelVale/ViewControllers/Main/ModelVale-Bridging-Header.h";
				SWIFT_OPTIMIZATION_LEVEL = "-Onone";
				SWIFT_VERSION = 5.0;
				TARGETED_DEVICE_FAMILY = "1,2";
			};
			name = Debug;
		};
		9C74E53A2872579B003FFFF7 /* Release */ = {
			isa = XCBuildConfiguration;
			baseConfigurationReference = 4113CE6811CA17B0B8B2B402 /* Pods-ModelVale.release.xcconfig */;
			buildSettings = {
				ASSETCATALOG_COMPILER_APPICON_NAME = AppIcon;
				ASSETCATALOG_COMPILER_GLOBAL_ACCENT_COLOR_NAME = AccentColor;
				CLANG_ENABLE_MODULES = YES;
				CODE_SIGN_STYLE = Automatic;
				CURRENT_PROJECT_VERSION = 1;
				DEVELOPMENT_TEAM = 7U2A6R77J6;
				GENERATE_INFOPLIST_FILE = YES;
				INFOPLIST_FILE = ModelVale/Info.plist;
				INFOPLIST_KEY_UIApplicationSupportsIndirectInputEvents = YES;
				INFOPLIST_KEY_UILaunchStoryboardName = LaunchScreen;
				INFOPLIST_KEY_UIMainStoryboardFile = Main;
				INFOPLIST_KEY_UISupportedInterfaceOrientations_iPad = "UIInterfaceOrientationPortrait UIInterfaceOrientationPortraitUpsideDown UIInterfaceOrientationLandscapeLeft UIInterfaceOrientationLandscapeRight";
				INFOPLIST_KEY_UISupportedInterfaceOrientations_iPhone = "UIInterfaceOrientationPortrait UIInterfaceOrientationLandscapeLeft UIInterfaceOrientationLandscapeRight";
				LD_RUNPATH_SEARCH_PATHS = (
					"$(inherited)",
					"@executable_path/Frameworks",
				);
				MARKETING_VERSION = 1.0;
				PRODUCT_BUNDLE_IDENTIFIER = io.github.chaytanc.ModelVale;
				PRODUCT_NAME = "$(TARGET_NAME)";
				SWIFT_EMIT_LOC_STRINGS = YES;
				SWIFT_OBJC_BRIDGING_HEADER = "ModelVale/ViewControllers/Main/ModelVale-Bridging-Header.h";
				SWIFT_VERSION = 5.0;
				TARGETED_DEVICE_FAMILY = "1,2";
			};
			name = Release;
		};
		9C74E53C2872579B003FFFF7 /* Debug */ = {
			isa = XCBuildConfiguration;
			baseConfigurationReference = 82CCEE7F27B11B5A4BEB53E8 /* Pods-ModelValeTests.debug.xcconfig */;
			buildSettings = {
				ALWAYS_EMBED_SWIFT_STANDARD_LIBRARIES = YES;
				BUNDLE_LOADER = "$(TEST_HOST)";
				CODE_SIGN_STYLE = Automatic;
				CURRENT_PROJECT_VERSION = 1;
				DEVELOPMENT_TEAM = 7U2A6R77J6;
				GENERATE_INFOPLIST_FILE = YES;
				IPHONEOS_DEPLOYMENT_TARGET = 15.5;
				MARKETING_VERSION = 1.0;
				PRODUCT_BUNDLE_IDENTIFIER = io.github.chaytanc.ModelValeTests;
				PRODUCT_NAME = "$(TARGET_NAME)";
				SWIFT_EMIT_LOC_STRINGS = NO;
				TARGETED_DEVICE_FAMILY = "1,2";
				TEST_HOST = "$(BUILT_PRODUCTS_DIR)/ModelVale.app/ModelVale";
			};
			name = Debug;
		};
		9C74E53D2872579B003FFFF7 /* Release */ = {
			isa = XCBuildConfiguration;
			baseConfigurationReference = FF376F3548470D52FE3B403B /* Pods-ModelValeTests.release.xcconfig */;
			buildSettings = {
				ALWAYS_EMBED_SWIFT_STANDARD_LIBRARIES = YES;
				BUNDLE_LOADER = "$(TEST_HOST)";
				CODE_SIGN_STYLE = Automatic;
				CURRENT_PROJECT_VERSION = 1;
				DEVELOPMENT_TEAM = 7U2A6R77J6;
				GENERATE_INFOPLIST_FILE = YES;
				IPHONEOS_DEPLOYMENT_TARGET = 15.5;
				MARKETING_VERSION = 1.0;
				PRODUCT_BUNDLE_IDENTIFIER = io.github.chaytanc.ModelValeTests;
				PRODUCT_NAME = "$(TARGET_NAME)";
				SWIFT_EMIT_LOC_STRINGS = NO;
				TARGETED_DEVICE_FAMILY = "1,2";
				TEST_HOST = "$(BUILT_PRODUCTS_DIR)/ModelVale.app/ModelVale";
			};
			name = Release;
		};
		9C74E53F2872579B003FFFF7 /* Debug */ = {
			isa = XCBuildConfiguration;
			baseConfigurationReference = 9D94C2DA75F1B92CB1D70488 /* Pods-ModelVale-ModelValeUITests.debug.xcconfig */;
			buildSettings = {
				ALWAYS_EMBED_SWIFT_STANDARD_LIBRARIES = YES;
				CODE_SIGN_STYLE = Automatic;
				CURRENT_PROJECT_VERSION = 1;
				DEVELOPMENT_TEAM = 7U2A6R77J6;
				GENERATE_INFOPLIST_FILE = YES;
				MARKETING_VERSION = 1.0;
				PRODUCT_BUNDLE_IDENTIFIER = io.github.chaytanc.ModelValeUITests;
				PRODUCT_NAME = "$(TARGET_NAME)";
				SWIFT_EMIT_LOC_STRINGS = NO;
				TARGETED_DEVICE_FAMILY = "1,2";
				TEST_TARGET_NAME = ModelVale;
			};
			name = Debug;
		};
		9C74E5402872579B003FFFF7 /* Release */ = {
			isa = XCBuildConfiguration;
			baseConfigurationReference = 2D82A33E6CDF4298D17BA9C2 /* Pods-ModelVale-ModelValeUITests.release.xcconfig */;
			buildSettings = {
				ALWAYS_EMBED_SWIFT_STANDARD_LIBRARIES = YES;
				CODE_SIGN_STYLE = Automatic;
				CURRENT_PROJECT_VERSION = 1;
				DEVELOPMENT_TEAM = 7U2A6R77J6;
				GENERATE_INFOPLIST_FILE = YES;
				MARKETING_VERSION = 1.0;
				PRODUCT_BUNDLE_IDENTIFIER = io.github.chaytanc.ModelValeUITests;
				PRODUCT_NAME = "$(TARGET_NAME)";
				SWIFT_EMIT_LOC_STRINGS = NO;
				TARGETED_DEVICE_FAMILY = "1,2";
				TEST_TARGET_NAME = ModelVale;
			};
			name = Release;
		};
/* End XCBuildConfiguration section */

/* Begin XCConfigurationList section */
		9C74E50428725799003FFFF7 /* Build configuration list for PBXProject "ModelVale" */ = {
			isa = XCConfigurationList;
			buildConfigurations = (
				9C74E5362872579B003FFFF7 /* Debug */,
				9C74E5372872579B003FFFF7 /* Release */,
			);
			defaultConfigurationIsVisible = 0;
			defaultConfigurationName = Release;
		};
		9C74E5382872579B003FFFF7 /* Build configuration list for PBXNativeTarget "ModelVale" */ = {
			isa = XCConfigurationList;
			buildConfigurations = (
				9C74E5392872579B003FFFF7 /* Debug */,
				9C74E53A2872579B003FFFF7 /* Release */,
			);
			defaultConfigurationIsVisible = 0;
			defaultConfigurationName = Release;
		};
		9C74E53B2872579B003FFFF7 /* Build configuration list for PBXNativeTarget "ModelValeTests" */ = {
			isa = XCConfigurationList;
			buildConfigurations = (
				9C74E53C2872579B003FFFF7 /* Debug */,
				9C74E53D2872579B003FFFF7 /* Release */,
			);
			defaultConfigurationIsVisible = 0;
			defaultConfigurationName = Release;
		};
		9C74E53E2872579B003FFFF7 /* Build configuration list for PBXNativeTarget "ModelValeUITests" */ = {
			isa = XCConfigurationList;
			buildConfigurations = (
				9C74E53F2872579B003FFFF7 /* Debug */,
				9C74E5402872579B003FFFF7 /* Release */,
			);
			defaultConfigurationIsVisible = 0;
			defaultConfigurationName = Release;
		};
/* End XCConfigurationList section */
	};
	rootObject = 9C74E50128725799003FFFF7 /* Project object */;
}
